PODS:
  - Alamofire (4.9.1)
  - DeviceKit (2.3.0)
  - FLAnimatedImage (1.0.12)
  - Hero (1.5.0)
  - IGListDiffKit (4.0.0)
  - IGListKit (4.0.0):
    - IGListDiffKit (= 4.0.0)
  - Kingfisher (5.12.0):
    - Kingfisher/Core (= 5.12.0)
  - Kingfisher/Core (5.12.0)
  - M80AttributedLabel (1.9.9)
  - Moya (13.0.1):
    - Moya/Core (= 13.0.1)
  - Moya/Core (13.0.1):
    - Alamofire (~> 4.1)
    - Result (~> 4.1)
  - NIMKit/Core (2.12.11):
    - FLAnimatedImage (~> 1.0.12)
    - M80AttributedLabel (~> 1.9.9)
    - SDWebImage (~> 5.0.6)
    - Toast (~> 3.0)
    - TZImagePickerController (~> 3.2.1)
  - NIMKit/Full (2.12.11):
    - NIMKit/Core
    - NIMSDK (~> 7.1.0)
  - NIMSDK (7.1.0)
  - ObjectMapper (3.5.1)
  - QMUIKit (4.0.4):
    - QMUIKit/QMUIComponents (= 4.0.4)
    - QMUIKit/QMUICore (= 4.0.4)
    - QMUIKit/QMUILog (= 4.0.4)
    - QMUIKit/QMUIMainFrame (= 4.0.4)
    - QMUIKit/QMUIWeakObjectContainer (= 4.0.4)
  - QMUIKit/QMUIComponents (4.0.4):
    - QMUIKit/QMUIComponents/NavigationBarTransition (= 4.0.4)
    - QMUIKit/QMUIComponents/QMUIAlertController (= 4.0.4)
    - QMUIKit/QMUIComponents/QMUIAnimation (= 4.0.4)
    - QMUIKit/QMUIComponents/QMUIAssetLibrary (= 4.0.4)
    - QMUIKit/QMUIComponents/QMUIBadge (= 4.0.4)
    - QMUIKit/QMUIComponents/QMUIButton (= 4.0.4)
    - QMUIKit/QMUIComponents/QMUICAAnimationExtension (= 4.0.4)
    - QMUIKit/QMUIComponents/QMUICellHeightCache (= 4.0.4)
    - QMUIKit/QMUIComponents/QMUICellHeightKeyCache (= 4.0.4)
    - QMUIKit/QMUIComponents/QMUICellSizeKeyCache (= 4.0.4)
    - QMUIKit/QMUIComponents/QMUICollectionViewPagingLayout (= 4.0.4)
    - QMUIKit/QMUIComponents/QMUIConsole (= 4.0.4)
    - QMUIKit/QMUIComponents/QMUIDialogViewController (= 4.0.4)
    - QMUIKit/QMUIComponents/QMUIEmotionInputManager (= 4.0.4)
    - QMUIKit/QMUIComponents/QMUIEmotionView (= 4.0.4)
    - QMUIKit/QMUIComponents/QMUIEmptyView (= 4.0.4)
    - QMUIKit/QMUIComponents/QMUIFillButton (= 4.0.4)
    - QMUIKit/QMUIComponents/QMUIFloatLayoutView (= 4.0.4)
    - QMUIKit/QMUIComponents/QMUIGhostButton (= 4.0.4)
    - QMUIKit/QMUIComponents/QMUIGridView (= 4.0.4)
    - QMUIKit/QMUIComponents/QMUIImagePickerLibrary (= 4.0.4)
    - QMUIKit/QMUIComponents/QMUIImagePreviewView (= 4.0.4)
    - QMUIKit/QMUIComponents/QMUIKeyboardManager (= 4.0.4)
    - QMUIKit/QMUIComponents/QMUILabel (= 4.0.4)
    - QMUIKit/QMUIComponents/QMUILinkButton (= 4.0.4)
    - QMUIKit/QMUIComponents/QMUILogManagerViewController (= 4.0.4)
    - QMUIKit/QMUIComponents/QMUILogWithConfigurationSupported (= 4.0.4)
    - QMUIKit/QMUIComponents/QMUIMarqueeLabel (= 4.0.4)
    - QMUIKit/QMUIComponents/QMUIModalPresentationViewController (= 4.0.4)
    - QMUIKit/QMUIComponents/QMUIMoreOperationController (= 4.0.4)
    - QMUIKit/QMUIComponents/QMUIMultipleDelegates (= 4.0.4)
    - QMUIKit/QMUIComponents/QMUINavigationButton (= 4.0.4)
    - QMUIKit/QMUIComponents/QMUINavigationTitleView (= 4.0.4)
    - QMUIKit/QMUIComponents/QMUIOrderedDictionary (= 4.0.4)
    - QMUIKit/QMUIComponents/QMUIPieProgressView (= 4.0.4)
    - QMUIKit/QMUIComponents/QMUIPopupContainerView (= 4.0.4)
    - QMUIKit/QMUIComponents/QMUIPopupMenuView (= 4.0.4)
    - QMUIKit/QMUIComponents/QMUIScrollAnimator (= 4.0.4)
    - QMUIKit/QMUIComponents/QMUISearchBar (= 4.0.4)
    - QMUIKit/QMUIComponents/QMUISearchController (= 4.0.4)
    - QMUIKit/QMUIComponents/QMUISegmentedControl (= 4.0.4)
    - QMUIKit/QMUIComponents/QMUISlider (= 4.0.4)
    - QMUIKit/QMUIComponents/QMUIStaticTableView (= 4.0.4)
    - QMUIKit/QMUIComponents/QMUITableView (= 4.0.4)
    - QMUIKit/QMUIComponents/QMUITableViewCell (= 4.0.4)
    - QMUIKit/QMUIComponents/QMUITableViewHeaderFooterView (= 4.0.4)
    - QMUIKit/QMUIComponents/QMUITableViewProtocols (= 4.0.4)
    - QMUIKit/QMUIComponents/QMUITestView (= 4.0.4)
    - QMUIKit/QMUIComponents/QMUITextField (= 4.0.4)
    - QMUIKit/QMUIComponents/QMUITextView (= 4.0.4)
    - QMUIKit/QMUIComponents/QMUITheme (= 4.0.4)
    - QMUIKit/QMUIComponents/QMUITips (= 4.0.4)
    - QMUIKit/QMUIComponents/QMUIToastView (= 4.0.4)
    - QMUIKit/QMUIComponents/QMUIToolbarButton (= 4.0.4)
    - QMUIKit/QMUIComponents/QMUIVisualEffectView (= 4.0.4)
    - QMUIKit/QMUIComponents/QMUIWindowSizeMonitor (= 4.0.4)
    - QMUIKit/QMUIComponents/QMUIZoomImageView (= 4.0.4)
    - QMUIKit/QMUICore
  - QMUIKit/QMUIComponents/NavigationBarTransition (4.0.4):
    - QMUIKit/QMUIComponents/QMUINavigationTitleView
    - QMUIKit/QMUICore
    - QMUIKit/QMUIMainFrame
  - QMUIKit/QMUIComponents/QMUIAlertController (4.0.4):
    - QMUIKit/QMUIComponents/QMUIButton
    - QMUIKit/QMUIComponents/QMUIModalPresentationViewController
    - QMUIKit/QMUIComponents/QMUITextField
    - QMUIKit/QMUICore
  - QMUIKit/QMUIComponents/QMUIAnimation (4.0.4):
    - QMUIKit/QMUICore
  - QMUIKit/QMUIComponents/QMUIAssetLibrary (4.0.4):
    - QMUIKit/QMUICore
  - QMUIKit/QMUIComponents/QMUIBadge (4.0.4):
    - QMUIKit/QMUIComponents/QMUILabel
    - QMUIKit/QMUICore
  - QMUIKit/QMUIComponents/QMUIButton (4.0.4):
    - QMUIKit/QMUICore
  - QMUIKit/QMUIComponents/QMUICAAnimationExtension (4.0.4):
    - QMUIKit/QMUIComponents/QMUIMultipleDelegates
    - QMUIKit/QMUICore
  - QMUIKit/QMUIComponents/QMUICellHeightCache (4.0.4):
    - QMUIKit/QMUIComponents/QMUITableViewProtocols
    - QMUIKit/QMUICore
  - QMUIKit/QMUIComponents/QMUICellHeightKeyCache (4.0.4):
    - QMUIKit/QMUIComponents/QMUIMultipleDelegates
    - QMUIKit/QMUIComponents/QMUITableViewProtocols
    - QMUIKit/QMUICore
  - QMUIKit/QMUIComponents/QMUICellSizeKeyCache (4.0.4):
    - QMUIKit/QMUIComponents/QMUIMultipleDelegates
    - QMUIKit/QMUICore
  - QMUIKit/QMUIComponents/QMUICollectionViewPagingLayout (4.0.4):
    - QMUIKit/QMUICore
  - QMUIKit/QMUIComponents/QMUIConsole (4.0.4):
    - QMUIKit/QMUIComponents/QMUIButton
    - QMUIKit/QMUIComponents/QMUICAAnimationExtension
    - QMUIKit/QMUIComponents/QMUIPopupMenuView
    - QMUIKit/QMUIComponents/QMUITextField
    - QMUIKit/QMUIComponents/QMUITextView
    - QMUIKit/QMUICore
  - QMUIKit/QMUIComponents/QMUIDialogViewController (4.0.4):
    - QMUIKit/QMUIComponents/QMUIButton
    - QMUIKit/QMUIComponents/QMUILabel
    - QMUIKit/QMUIComponents/QMUIModalPresentationViewController
    - QMUIKit/QMUIComponents/QMUINavigationTitleView
    - QMUIKit/QMUIComponents/QMUITableView
    - QMUIKit/QMUIComponents/QMUITableViewCell
    - QMUIKit/QMUIComponents/QMUITextField
    - QMUIKit/QMUICore
    - QMUIKit/QMUIMainFrame
  - QMUIKit/QMUIComponents/QMUIEmotionInputManager (4.0.4):
    - QMUIKit/QMUIComponents/QMUIEmotionView
    - QMUIKit/QMUICore
  - QMUIKit/QMUIComponents/QMUIEmotionView (4.0.4):
    - QMUIKit/QMUIComponents/QMUIButton
    - QMUIKit/QMUICore
  - QMUIKit/QMUIComponents/QMUIEmptyView (4.0.4):
    - QMUIKit/QMUIComponents/QMUIButton
    - QMUIKit/QMUICore
  - QMUIKit/QMUIComponents/QMUIFillButton (4.0.4):
    - QMUIKit/QMUIComponents/QMUIButton
    - QMUIKit/QMUICore
  - QMUIKit/QMUIComponents/QMUIFloatLayoutView (4.0.4):
    - QMUIKit/QMUICore
  - QMUIKit/QMUIComponents/QMUIGhostButton (4.0.4):
    - QMUIKit/QMUIComponents/QMUIButton
    - QMUIKit/QMUICore
  - QMUIKit/QMUIComponents/QMUIGridView (4.0.4):
    - QMUIKit/QMUICore
  - QMUIKit/QMUIComponents/QMUIImagePickerLibrary (4.0.4):
    - QMUIKit/QMUIComponents/QMUIAlertController
    - QMUIKit/QMUIComponents/QMUIAssetLibrary
    - QMUIKit/QMUIComponents/QMUIButton
    - QMUIKit/QMUIComponents/QMUIEmptyView
    - QMUIKit/QMUIComponents/QMUIImagePreviewView
    - QMUIKit/QMUIComponents/QMUINavigationButton
    - QMUIKit/QMUIComponents/QMUITableViewCell
    - QMUIKit/QMUIComponents/QMUIZoomImageView
    - QMUIKit/QMUICore
    - QMUIKit/QMUIMainFrame
  - QMUIKit/QMUIComponents/QMUIImagePreviewView (4.0.4):
    - QMUIKit/QMUIComponents/QMUIButton
    - QMUIKit/QMUIComponents/QMUICollectionViewPagingLayout
    - QMUIKit/QMUIComponents/QMUIEmptyView
    - QMUIKit/QMUIComponents/QMUIPieProgressView
    - QMUIKit/QMUIComponents/QMUIZoomImageView
    - QMUIKit/QMUICore
    - QMUIKit/QMUIMainFrame
  - QMUIKit/QMUIComponents/QMUIKeyboardManager (4.0.4):
    - QMUIKit/QMUICore
  - QMUIKit/QMUIComponents/QMUILabel (4.0.4):
    - QMUIKit/QMUICore
  - QMUIKit/QMUIComponents/QMUILinkButton (4.0.4):
    - QMUIKit/QMUIComponents/QMUIButton
    - QMUIKit/QMUICore
  - QMUIKit/QMUIComponents/QMUILogManagerViewController (4.0.4):
    - QMUIKit/QMUIComponents/QMUIPopupMenuView
    - QMUIKit/QMUIComponents/QMUISearchController
    - QMUIKit/QMUIComponents/QMUIStaticTableView
    - QMUIKit/QMUIComponents/QMUITableView
    - QMUIKit/QMUICore
    - QMUIKit/QMUIMainFrame
  - QMUIKit/QMUIComponents/QMUILogWithConfigurationSupported (4.0.4):
    - QMUIKit/QMUICore
  - QMUIKit/QMUIComponents/QMUIMarqueeLabel (4.0.4):
    - QMUIKit/QMUICore
  - QMUIKit/QMUIComponents/QMUIModalPresentationViewController (4.0.4):
    - QMUIKit/QMUIComponents/QMUIKeyboardManager
    - QMUIKit/QMUICore
  - QMUIKit/QMUIComponents/QMUIMoreOperationController (4.0.4):
    - QMUIKit/QMUIComponents/QMUIButton
    - QMUIKit/QMUIComponents/QMUIModalPresentationViewController
    - QMUIKit/QMUICore
  - QMUIKit/QMUIComponents/QMUIMultipleDelegates (4.0.4):
    - QMUIKit/QMUICore
  - QMUIKit/QMUIComponents/QMUINavigationButton (4.0.4):
    - QMUIKit/QMUICore
    - QMUIKit/QMUIMainFrame
  - QMUIKit/QMUIComponents/QMUINavigationTitleView (4.0.4):
    - QMUIKit/QMUIComponents/QMUIButton
    - QMUIKit/QMUICore
  - QMUIKit/QMUIComponents/QMUIOrderedDictionary (4.0.4):
    - QMUIKit/QMUICore
  - QMUIKit/QMUIComponents/QMUIPieProgressView (4.0.4):
    - QMUIKit/QMUICore
  - QMUIKit/QMUIComponents/QMUIPopupContainerView (4.0.4):
    - QMUIKit/QMUICore
    - QMUIKit/QMUIMainFrame
  - QMUIKit/QMUIComponents/QMUIPopupMenuView (4.0.4):
    - QMUIKit/QMUIComponents/QMUIButton
    - QMUIKit/QMUIComponents/QMUIPopupContainerView
    - QMUIKit/QMUICore
  - QMUIKit/QMUIComponents/QMUIScrollAnimator (4.0.4):
    - QMUIKit/QMUIComponents/QMUIMultipleDelegates
    - QMUIKit/QMUICore
  - QMUIKit/QMUIComponents/QMUISearchBar (4.0.4):
    - QMUIKit/QMUICore
  - QMUIKit/QMUIComponents/QMUISearchController (4.0.4):
    - QMUIKit/QMUIComponents/QMUIEmptyView
    - QMUIKit/QMUIComponents/QMUISearchBar
    - QMUIKit/QMUICore
    - QMUIKit/QMUIMainFrame
  - QMUIKit/QMUIComponents/QMUISegmentedControl (4.0.4):
    - QMUIKit/QMUICore
  - QMUIKit/QMUIComponents/QMUISlider (4.0.4):
    - QMUIKit/QMUICore
  - QMUIKit/QMUIComponents/QMUIStaticTableView (4.0.4):
    - QMUIKit/QMUIComponents/QMUIMultipleDelegates
    - QMUIKit/QMUIComponents/QMUITableViewCell
    - QMUIKit/QMUICore
  - QMUIKit/QMUIComponents/QMUITableView (4.0.4):
    - QMUIKit/QMUIComponents/QMUITableViewProtocols
    - QMUIKit/QMUICore
  - QMUIKit/QMUIComponents/QMUITableViewCell (4.0.4):
    - QMUIKit/QMUIComponents/QMUIButton
    - QMUIKit/QMUICore
  - QMUIKit/QMUIComponents/QMUITableViewHeaderFooterView (4.0.4):
    - QMUIKit/QMUICore
  - QMUIKit/QMUIComponents/QMUITableViewProtocols (4.0.4):
    - QMUIKit/QMUICore
  - QMUIKit/QMUIComponents/QMUITestView (4.0.4):
    - QMUIKit/QMUICore
  - QMUIKit/QMUIComponents/QMUITextField (4.0.4):
    - QMUIKit/QMUIComponents/QMUIMultipleDelegates
    - QMUIKit/QMUICore
  - QMUIKit/QMUIComponents/QMUITextView (4.0.4):
    - QMUIKit/QMUIComponents/QMUILabel
    - QMUIKit/QMUIComponents/QMUIMultipleDelegates
    - QMUIKit/QMUICore
  - QMUIKit/QMUIComponents/QMUITheme (4.0.4):
    - QMUIKit/QMUIComponents/QMUIAlertController
    - QMUIKit/QMUIComponents/QMUIButton
    - QMUIKit/QMUIComponents/QMUIConsole
    - QMUIKit/QMUIComponents/QMUIEmotionView
    - QMUIKit/QMUIComponents/QMUIEmptyView
    - QMUIKit/QMUIComponents/QMUIFillButton
    - QMUIKit/QMUIComponents/QMUIGhostButton
    - QMUIKit/QMUIComponents/QMUIGridView
    - QMUIKit/QMUIComponents/QMUIImagePickerLibrary
    - QMUIKit/QMUIComponents/QMUIImagePreviewView
    - QMUIKit/QMUIComponents/QMUILabel
    - QMUIKit/QMUIComponents/QMUILinkButton
    - QMUIKit/QMUIComponents/QMUIModalPresentationViewController
    - QMUIKit/QMUIComponents/QMUIPopupContainerView
    - QMUIKit/QMUIComponents/QMUIPopupMenuView
    - QMUIKit/QMUIComponents/QMUISlider
    - QMUIKit/QMUIComponents/QMUITextField
    - QMUIKit/QMUIComponents/QMUITextView
    - QMUIKit/QMUIComponents/QMUIToastView
    - QMUIKit/QMUIComponents/QMUIVisualEffectView
    - QMUIKit/QMUICore
  - QMUIKit/QMUIComponents/QMUITips (4.0.4):
    - QMUIKit/QMUIComponents/QMUIToastView
    - QMUIKit/QMUICore
  - QMUIKit/QMUIComponents/QMUIToastView (4.0.4):
    - QMUIKit/QMUIComponents/QMUIKeyboardManager
    - QMUIKit/QMUIComponents/QMUIVisualEffectView
    - QMUIKit/QMUICore
  - QMUIKit/QMUIComponents/QMUIToolbarButton (4.0.4):
    - QMUIKit/QMUICore
  - QMUIKit/QMUIComponents/QMUIVisualEffectView (4.0.4):
    - QMUIKit/QMUICore
  - QMUIKit/QMUIComponents/QMUIWindowSizeMonitor (4.0.4):
    - QMUIKit/QMUICore
  - QMUIKit/QMUIComponents/QMUIZoomImageView (4.0.4):
    - QMUIKit/QMUIComponents/QMUIAssetLibrary
    - QMUIKit/QMUIComponents/QMUIButton
    - QMUIKit/QMUIComponents/QMUIEmptyView
    - QMUIKit/QMUIComponents/QMUIPieProgressView
    - QMUIKit/QMUIComponents/QMUISlider
    - QMUIKit/QMUICore
  - QMUIKit/QMUICore (4.0.4):
    - QMUIKit/QMUILog
    - QMUIKit/QMUIWeakObjectContainer
  - QMUIKit/QMUILog (4.0.4)
  - QMUIKit/QMUIMainFrame (4.0.4):
    - QMUIKit/QMUIComponents/QMUIEmptyView
    - QMUIKit/QMUIComponents/QMUIKeyboardManager
    - QMUIKit/QMUIComponents/QMUIMultipleDelegates
    - QMUIKit/QMUIComponents/QMUINavigationTitleView
    - QMUIKit/QMUIComponents/QMUITableView
    - QMUIKit/QMUIComponents/QMUITableViewHeaderFooterView
    - QMUIKit/QMUICore
    - QMUIKit/QMUILog
  - QMUIKit/QMUIWeakObjectContainer (4.0.4)
  - R.swift (5.1.0):
    - R.swift.Library (~> 5.1.0)
  - R.swift.Library (5.1.0)
  - Result (4.1.0)
  - RxCocoa (5.0.1):
    - RxRelay (~> 5)
    - RxSwift (~> 5)
  - RxRelay (5.0.1):
    - RxSwift (~> 5)
  - RxSwift (5.0.1)
  - SDWebImage (5.0.6):
    - SDWebImage/Core (= 5.0.6)
  - SDWebImage/Core (5.0.6)
  - SVProgressHUD (2.2.5)
  - SwiftOverlays (5.0.1)
  - SwiftyJSON (5.0.0)
  - SwiftyStoreKit (0.15.0)
  - Toast (3.1.0)
  - Toast-Swift (5.0.1)
  - TZImagePickerController (3.2.9)
  - UIFontComplete (4.0.0)
  - WLEmptyState (3.1.0)

DEPENDENCIES:
  - Alamofire
  - DeviceKit
  - Hero
  - IGListKit
  - Kingfisher
  - Moya
  - NIMKit/Full
  - ObjectMapper
  - QMUIKit
  - R.swift
  - RxCocoa
  - RxSwift
  - SVProgressHUD
  - SwiftOverlays
  - SwiftyJSON
  - SwiftyStoreKit
  - Toast-Swift
  - UIFontComplete
  - WLEmptyState

SPEC REPOS:
  trunk:
    - Alamofire
    - DeviceKit
    - FLAnimatedImage
    - Hero
    - IGListDiffKit
    - IGListKit
    - Kingfisher
    - M80AttributedLabel
    - Moya
    - NIMKit
    - NIMSDK
    - ObjectMapper
    - QMUIKit
    - R.swift
    - R.swift.Library
    - Result
    - RxCocoa
    - RxRelay
    - RxSwift
    - SDWebImage
    - SVProgressHUD
    - SwiftOverlays
    - SwiftyJSON
    - SwiftyStoreKit
    - Toast
    - Toast-Swift
    - TZImagePickerController
    - UIFontComplete
    - WLEmptyState

SPEC CHECKSUMS:
  Alamofire: 85e8a02c69d6020a0d734f6054870d7ecb75cf18
  DeviceKit: da103891aa928d89f64ea8dd8aca738c5f3d8ac0
  FLAnimatedImage: 4a0b56255d9b05f18b6dd7ee06871be5d3b89e31
  Hero: b7385b75e7259da62f4f85462f59a5082d66b058
  IGListDiffKit: 665d6cf43ce726e676013db9c7d6c4294259b6b2
  IGListKit: fd5a5d21935298f5849fa49d426843cff97b77c7
  Kingfisher: dc6e0f53bb5b12c3e75bedb0e01bbd7a640eea69
  M80AttributedLabel: 77fedfe63804c989a6de0fa4d400ea8cad3ab441
  Moya: f4a4b80ff2f8a4ffc208dfb31cd91636622fee6e
  NIMKit: a828528ff14f9f6cd70eb14e28f025b4ee481867
  NIMSDK: 41768aa97a09dcadde661fb52ce151a504dc9585
  ObjectMapper: 70187b8941977c62ccfb423caf6b50be405cabf0
  QMUIKit: 73899f707bdd51f44d16e10d11f224fb821fbe74
  R.swift: 8cbc4fc69b740305b6a17c8a8ed968eb788962d9
  R.swift.Library: fa85ce1e0d0b7e818cd9e080df910ba54d2776cc
  Result: bd966fac789cc6c1563440b348ab2598cc24d5c7
  RxCocoa: e741b9749968e8a143e2b787f1dfbff2b63d0a5c
  RxRelay: 89d54507f4fd4d969e6ec1d4bd7f3673640b4640
  RxSwift: e2dc62b366a3adf6a0be44ba9f405efd4c94e0c4
  SDWebImage: 920f1a2ff1ca8296ad34f6e0510a1ef1d70ac965
  SVProgressHUD: 1428aafac632c1f86f62aa4243ec12008d7a51d6
  SwiftOverlays: ab459ea9194b0e96aaccaa00e9ead1bf6d46eef1
  SwiftyJSON: 36413e04c44ee145039d332b4f4e2d3e8d6c4db7
  SwiftyStoreKit: 033d06b6f87955405d3f844a18a7687c2438592a
  Toast: 14a93686d6c8bfe2727afd342414e35660a8a1f3
  Toast-Swift: 9b6a70f28b3bf0b96c40d46c0c4b9d6639846711
  TZImagePickerController: 1f92968aa0e98a06b9e2eccca8560acc19254257
  UIFontComplete: 9542d390ee6114412a585d979b09fe820896695d
  WLEmptyState: 2bbb3970f62c0b9252029d34a8f74cb3d436eeea

PODFILE CHECKSUM: 757c2f1630825c19f57601dde02993d614c631cc

COCOAPODS: 1.8.4
