// !$*UTF8*$!
{
	archiveVersion = 1;
	classes = {
	};
	objectVersion = 51;
	objects = {

/* Begin PBXBuildFile section */
		16161B3923A9D90C00BB04E7 /* Icons.xcassets in Resources */ = {isa = PBXBuildFile; fileRef = 16161B3823A9D90C00BB04E7 /* Icons.xcassets */; };
		16161B3C23A9D9C000BB04E7 /* themeColors.xcassets in Resources */ = {isa = PBXBuildFile; fileRef = 16161B3B23A9D9C000BB04E7 /* themeColors.xcassets */; };
		16161B3F23A9E63400BB04E7 /* R.generated.swift in Sources */ = {isa = PBXBuildFile; fileRef = 16161B3E23A9E63400BB04E7 /* R.generated.swift */; };
		16161B4323AA060600BB04E7 /* ViewController.swift in Sources */ = {isa = PBXBuildFile; fileRef = 16161B4223AA060600BB04E7 /* ViewController.swift */; };
		16161B4523AA063900BB04E7 /* Button.swift in Sources */ = {isa = PBXBuildFile; fileRef = 16161B4423AA063900BB04E7 /* Button.swift */; };
		16161B4723AA065100BB04E7 /* View.swift in Sources */ = {isa = PBXBuildFile; fileRef = 16161B4623AA065100BB04E7 /* View.swift */; };
		16161B4923AA067700BB04E7 /* BarButtonItem.swift in Sources */ = {isa = PBXBuildFile; fileRef = 16161B4823AA067700BB04E7 /* BarButtonItem.swift */; };
		16161B4B23AA06A000BB04E7 /* NavigationController.swift in Sources */ = {isa = PBXBuildFile; fileRef = 16161B4A23AA06A000BB04E7 /* NavigationController.swift */; };
		16161B4D23AA06B400BB04E7 /* TableViewController.swift in Sources */ = {isa = PBXBuildFile; fileRef = 16161B4C23AA06B400BB04E7 /* TableViewController.swift */; };
		16161B4F23AA076600BB04E7 /* WebViewController.swift in Sources */ = {isa = PBXBuildFile; fileRef = 16161B4E23AA076600BB04E7 /* WebViewController.swift */; };
		16161B5123AA07B200BB04E7 /* Label.swift in Sources */ = {isa = PBXBuildFile; fileRef = 16161B5023AA07B200BB04E7 /* Label.swift */; };
		16161B5323AA07CB00BB04E7 /* TextView.swift in Sources */ = {isa = PBXBuildFile; fileRef = 16161B5223AA07CB00BB04E7 /* TextView.swift */; };
		16161B5523AA07E700BB04E7 /* TextField.swift in Sources */ = {isa = PBXBuildFile; fileRef = 16161B5423AA07E700BB04E7 /* TextField.swift */; };
		16BC189C2391032C00B7FA18 /* AppTheme.swift in Sources */ = {isa = PBXBuildFile; fileRef = 16BC189B2391032C00B7FA18 /* AppTheme.swift */; };
		16BC189E2391038200B7FA18 /* UIConstant.swift in Sources */ = {isa = PBXBuildFile; fileRef = 16BC189D2391038200B7FA18 /* UIConstant.swift */; };
		16BC18A7239104FE00B7FA18 /* LocalLib.swift in Sources */ = {isa = PBXBuildFile; fileRef = 16BC18A6239104FE00B7FA18 /* LocalLib.swift */; };
		16BC18A92391051300B7FA18 /* UIView+Extension.swift in Sources */ = {isa = PBXBuildFile; fileRef = 16BC18A82391051300B7FA18 /* UIView+Extension.swift */; };
		16BC18AF2391056A00B7FA18 /* UserDefaults.swift in Sources */ = {isa = PBXBuildFile; fileRef = 16BC18AE2391056A00B7FA18 /* UserDefaults.swift */; };
		16BC18B12391057F00B7FA18 /* Networking.swift in Sources */ = {isa = PBXBuildFile; fileRef = 16BC18B02391057F00B7FA18 /* Networking.swift */; };
		16BC18B4239105B500B7FA18 /* ExampleModel.swift in Sources */ = {isa = PBXBuildFile; fileRef = 16BC18B3239105B500B7FA18 /* ExampleModel.swift */; };
		16BC18B62391065C00B7FA18 /* AppConstant.swift in Sources */ = {isa = PBXBuildFile; fileRef = 16BC18B52391065C00B7FA18 /* AppConstant.swift */; };
		16BC18BC2391150E00B7FA18 /* AppError.swift in Sources */ = {isa = PBXBuildFile; fileRef = 16BC18BB2391150E00B7FA18 /* AppError.swift */; };
		16BC18C02391181500B7FA18 /* AppCofigEnums.swift in Sources */ = {isa = PBXBuildFile; fileRef = 16BC18BF2391181500B7FA18 /* AppCofigEnums.swift */; };
		16BC18C22391196600B7FA18 /* AppConfig.swift in Sources */ = {isa = PBXBuildFile; fileRef = 16BC18C12391196600B7FA18 /* AppConfig.swift */; };
		16BC18C523911E8C00B7FA18 /* MyProtocol.swift in Sources */ = {isa = PBXBuildFile; fileRef = 16BC18C423911E8C00B7FA18 /* MyProtocol.swift */; };
		16BC18C82391225F00B7FA18 /* ExampleAPi.swift in Sources */ = {isa = PBXBuildFile; fileRef = 16BC18C72391225F00B7FA18 /* ExampleAPi.swift */; };
		16BC18CA2391232200B7FA18 /* String+Extensions.swift in Sources */ = {isa = PBXBuildFile; fileRef = 16BC18C92391232200B7FA18 /* String+Extensions.swift */; };
		16EEDA0023B9A47A00D0CB8A /* AnimateLabel.swift in Sources */ = {isa = PBXBuildFile; fileRef = 16EED9FF23B9A47A00D0CB8A /* AnimateLabel.swift */; };
		16EEDA0323B9ABD000D0CB8A /* CountdownView.swift in Sources */ = {isa = PBXBuildFile; fileRef = 16EEDA0223B9ABD000D0CB8A /* CountdownView.swift */; };
		16EEDA0623B9AC1A00D0CB8A /* HUDView.swift in Sources */ = {isa = PBXBuildFile; fileRef = 16EEDA0523B9AC1A00D0CB8A /* HUDView.swift */; };
		16EEDA0923B9ACB300D0CB8A /* ViewStateView.swift in Sources */ = {isa = PBXBuildFile; fileRef = 16EEDA0823B9ACB300D0CB8A /* ViewStateView.swift */; };
		16EEDA1423BA059300D0CB8A /* VideoPlayer.swift in Sources */ = {isa = PBXBuildFile; fileRef = 16EEDA1323BA059300D0CB8A /* VideoPlayer.swift */; };
		16EEDA1623BA05B100D0CB8A /* MediaBrowser.swift in Sources */ = {isa = PBXBuildFile; fileRef = 16EEDA1523BA05B100D0CB8A /* MediaBrowser.swift */; };
		16EEDA1823BA05F700D0CB8A /* ModalPresentable.swift in Sources */ = {isa = PBXBuildFile; fileRef = 16EEDA1723BA05F700D0CB8A /* ModalPresentable.swift */; };
		16EEDA1A23BA063200D0CB8A /* UserPolicyAlert.swift in Sources */ = {isa = PBXBuildFile; fileRef = 16EEDA1923BA063200D0CB8A /* UserPolicyAlert.swift */; };
		16EEDA1C23BA064700D0CB8A /* VersionUpdateAlert.swift in Sources */ = {isa = PBXBuildFile; fileRef = 16EEDA1B23BA064700D0CB8A /* VersionUpdateAlert.swift */; };
		16EEDA1E23BA067100D0CB8A /* SocialShareAlert.swift in Sources */ = {isa = PBXBuildFile; fileRef = 16EEDA1D23BA067100D0CB8A /* SocialShareAlert.swift */; };
		1C0D15AA237C4B5F002A27B4 /* AppDelegate.swift in Sources */ = {isa = PBXBuildFile; fileRef = 1C0D15A9237C4B5F002A27B4 /* AppDelegate.swift */; };
		1C0D15AE237C4B5F002A27B4 /* ExampleViewController.swift in Sources */ = {isa = PBXBuildFile; fileRef = 1C0D15AD237C4B5F002A27B4 /* ExampleViewController.swift */; };
		1C0D15B3237C4B64002A27B4 /* brand.xcassets in Resources */ = {isa = PBXBuildFile; fileRef = 1C0D15B2237C4B64002A27B4 /* brand.xcassets */; };
		1C0D15B6237C4B64002A27B4 /* LaunchScreen.storyboard in Resources */ = {isa = PBXBuildFile; fileRef = 1C0D15B4237C4B64002A27B4 /* LaunchScreen.storyboard */; };
		1C0D15C1237C4B65002A27B4 /* ios_open_source_learnig_projectTests.swift in Sources */ = {isa = PBXBuildFile; fileRef = 1C0D15C0237C4B65002A27B4 /* ios_open_source_learnig_projectTests.swift */; };
		1C0D15CC237C4B65002A27B4 /* ios_open_source_learnig_projectUITests.swift in Sources */ = {isa = PBXBuildFile; fileRef = 1C0D15CB237C4B65002A27B4 /* ios_open_source_learnig_projectUITests.swift */; };
		1C532C412391397C00BCBFA9 /* NetworkConstant.swift in Sources */ = {isa = PBXBuildFile; fileRef = 1C532C402391397C00BCBFA9 /* NetworkConstant.swift */; };
		1C532C4723913C8700BCBFA9 /* AppLogger.swift in Sources */ = {isa = PBXBuildFile; fileRef = 1C532C4623913C8700BCBFA9 /* AppLogger.swift */; };
		B63898BBA2898F60BF6D0681 /* Pods_ios_open_source_learnig_project.framework in Frameworks */ = {isa = PBXBuildFile; fileRef = C9951AA1521671CC86D14D1E /* Pods_ios_open_source_learnig_project.framework */; };
/* End PBXBuildFile section */

/* Begin PBXContainerItemProxy section */
		1C0D15BD237C4B65002A27B4 /* PBXContainerItemProxy */ = {
			isa = PBXContainerItemProxy;
			containerPortal = 1C0D159E237C4B5F002A27B4 /* Project object */;
			proxyType = 1;
			remoteGlobalIDString = 1C0D15A5237C4B5F002A27B4;
			remoteInfo = ios_open_source_learnig_project;
		};
		1C0D15C8237C4B65002A27B4 /* PBXContainerItemProxy */ = {
			isa = PBXContainerItemProxy;
			containerPortal = 1C0D159E237C4B5F002A27B4 /* Project object */;
			proxyType = 1;
			remoteGlobalIDString = 1C0D15A5237C4B5F002A27B4;
			remoteInfo = ios_open_source_learnig_project;
		};
/* End PBXContainerItemProxy section */

/* Begin PBXFileReference section */
		16161B3823A9D90C00BB04E7 /* Icons.xcassets */ = {isa = PBXFileReference; lastKnownFileType = folder.assetcatalog; path = Icons.xcassets; sourceTree = "<group>"; };
		16161B3B23A9D9C000BB04E7 /* themeColors.xcassets */ = {isa = PBXFileReference; lastKnownFileType = folder.assetcatalog; path = themeColors.xcassets; sourceTree = "<group>"; };
		16161B3E23A9E63400BB04E7 /* R.generated.swift */ = {isa = PBXFileReference; fileEncoding = 4; lastKnownFileType = sourcecode.swift; path = R.generated.swift; sourceTree = SOURCE_ROOT; };
		16161B4223AA060600BB04E7 /* ViewController.swift */ = {isa = PBXFileReference; lastKnownFileType = sourcecode.swift; path = ViewController.swift; sourceTree = "<group>"; };
		16161B4423AA063900BB04E7 /* Button.swift */ = {isa = PBXFileReference; lastKnownFileType = sourcecode.swift; path = Button.swift; sourceTree = "<group>"; };
		16161B4623AA065100BB04E7 /* View.swift */ = {isa = PBXFileReference; lastKnownFileType = sourcecode.swift; path = View.swift; sourceTree = "<group>"; };
		16161B4823AA067700BB04E7 /* BarButtonItem.swift */ = {isa = PBXFileReference; lastKnownFileType = sourcecode.swift; path = BarButtonItem.swift; sourceTree = "<group>"; };
		16161B4A23AA06A000BB04E7 /* NavigationController.swift */ = {isa = PBXFileReference; lastKnownFileType = sourcecode.swift; path = NavigationController.swift; sourceTree = "<group>"; };
		16161B4C23AA06B400BB04E7 /* TableViewController.swift */ = {isa = PBXFileReference; lastKnownFileType = sourcecode.swift; path = TableViewController.swift; sourceTree = "<group>"; };
		16161B4E23AA076600BB04E7 /* WebViewController.swift */ = {isa = PBXFileReference; lastKnownFileType = sourcecode.swift; path = WebViewController.swift; sourceTree = "<group>"; };
		16161B5023AA07B200BB04E7 /* Label.swift */ = {isa = PBXFileReference; lastKnownFileType = sourcecode.swift; path = Label.swift; sourceTree = "<group>"; };
		16161B5223AA07CB00BB04E7 /* TextView.swift */ = {isa = PBXFileReference; lastKnownFileType = sourcecode.swift; path = TextView.swift; sourceTree = "<group>"; };
		16161B5423AA07E700BB04E7 /* TextField.swift */ = {isa = PBXFileReference; lastKnownFileType = sourcecode.swift; path = TextField.swift; sourceTree = "<group>"; };
		16BC189B2391032C00B7FA18 /* AppTheme.swift */ = {isa = PBXFileReference; lastKnownFileType = sourcecode.swift; path = AppTheme.swift; sourceTree = "<group>"; };
		16BC189D2391038200B7FA18 /* UIConstant.swift */ = {isa = PBXFileReference; lastKnownFileType = sourcecode.swift; path = UIConstant.swift; sourceTree = "<group>"; };
		16BC18A6239104FE00B7FA18 /* LocalLib.swift */ = {isa = PBXFileReference; lastKnownFileType = sourcecode.swift; path = LocalLib.swift; sourceTree = "<group>"; };
		16BC18A82391051300B7FA18 /* UIView+Extension.swift */ = {isa = PBXFileReference; lastKnownFileType = sourcecode.swift; path = "UIView+Extension.swift"; sourceTree = "<group>"; };
		16BC18AE2391056A00B7FA18 /* UserDefaults.swift */ = {isa = PBXFileReference; lastKnownFileType = sourcecode.swift; path = UserDefaults.swift; sourceTree = "<group>"; };
		16BC18B02391057F00B7FA18 /* Networking.swift */ = {isa = PBXFileReference; lastKnownFileType = sourcecode.swift; path = Networking.swift; sourceTree = "<group>"; };
		16BC18B3239105B500B7FA18 /* ExampleModel.swift */ = {isa = PBXFileReference; lastKnownFileType = sourcecode.swift; path = ExampleModel.swift; sourceTree = "<group>"; };
		16BC18B52391065C00B7FA18 /* AppConstant.swift */ = {isa = PBXFileReference; lastKnownFileType = sourcecode.swift; path = AppConstant.swift; sourceTree = "<group>"; };
		16BC18BB2391150E00B7FA18 /* AppError.swift */ = {isa = PBXFileReference; lastKnownFileType = sourcecode.swift; path = AppError.swift; sourceTree = "<group>"; };
		16BC18BF2391181500B7FA18 /* AppCofigEnums.swift */ = {isa = PBXFileReference; lastKnownFileType = sourcecode.swift; path = AppCofigEnums.swift; sourceTree = "<group>"; };
		16BC18C12391196600B7FA18 /* AppConfig.swift */ = {isa = PBXFileReference; lastKnownFileType = sourcecode.swift; path = AppConfig.swift; sourceTree = "<group>"; };
		16BC18C423911E8C00B7FA18 /* MyProtocol.swift */ = {isa = PBXFileReference; lastKnownFileType = sourcecode.swift; path = MyProtocol.swift; sourceTree = "<group>"; };
		16BC18C72391225F00B7FA18 /* ExampleAPi.swift */ = {isa = PBXFileReference; lastKnownFileType = sourcecode.swift; path = ExampleAPi.swift; sourceTree = "<group>"; };
		16BC18C92391232200B7FA18 /* String+Extensions.swift */ = {isa = PBXFileReference; lastKnownFileType = sourcecode.swift; path = "String+Extensions.swift"; sourceTree = "<group>"; };
		16EED9FF23B9A47A00D0CB8A /* AnimateLabel.swift */ = {isa = PBXFileReference; lastKnownFileType = sourcecode.swift; path = AnimateLabel.swift; sourceTree = "<group>"; };
		16EEDA0223B9ABD000D0CB8A /* CountdownView.swift */ = {isa = PBXFileReference; lastKnownFileType = sourcecode.swift; path = CountdownView.swift; sourceTree = "<group>"; };
		16EEDA0523B9AC1A00D0CB8A /* HUDView.swift */ = {isa = PBXFileReference; lastKnownFileType = sourcecode.swift; path = HUDView.swift; sourceTree = "<group>"; };
		16EEDA0823B9ACB300D0CB8A /* ViewStateView.swift */ = {isa = PBXFileReference; lastKnownFileType = sourcecode.swift; path = ViewStateView.swift; sourceTree = "<group>"; };
		16EEDA1323BA059300D0CB8A /* VideoPlayer.swift */ = {isa = PBXFileReference; lastKnownFileType = sourcecode.swift; path = VideoPlayer.swift; sourceTree = "<group>"; };
		16EEDA1523BA05B100D0CB8A /* MediaBrowser.swift */ = {isa = PBXFileReference; lastKnownFileType = sourcecode.swift; path = MediaBrowser.swift; sourceTree = "<group>"; };
		16EEDA1723BA05F700D0CB8A /* ModalPresentable.swift */ = {isa = PBXFileReference; lastKnownFileType = sourcecode.swift; path = ModalPresentable.swift; sourceTree = "<group>"; };
		16EEDA1923BA063200D0CB8A /* UserPolicyAlert.swift */ = {isa = PBXFileReference; lastKnownFileType = sourcecode.swift; path = UserPolicyAlert.swift; sourceTree = "<group>"; };
		16EEDA1B23BA064700D0CB8A /* VersionUpdateAlert.swift */ = {isa = PBXFileReference; lastKnownFileType = sourcecode.swift; path = VersionUpdateAlert.swift; sourceTree = "<group>"; };
		16EEDA1D23BA067100D0CB8A /* SocialShareAlert.swift */ = {isa = PBXFileReference; lastKnownFileType = sourcecode.swift; path = SocialShareAlert.swift; sourceTree = "<group>"; };
		1C0D15A6237C4B5F002A27B4 /* ios_open_source_learnig_project.app */ = {isa = PBXFileReference; explicitFileType = wrapper.application; includeInIndex = 0; path = ios_open_source_learnig_project.app; sourceTree = BUILT_PRODUCTS_DIR; };
		1C0D15A9237C4B5F002A27B4 /* AppDelegate.swift */ = {isa = PBXFileReference; lastKnownFileType = sourcecode.swift; path = AppDelegate.swift; sourceTree = "<group>"; };
		1C0D15AD237C4B5F002A27B4 /* ExampleViewController.swift */ = {isa = PBXFileReference; lastKnownFileType = sourcecode.swift; path = ExampleViewController.swift; sourceTree = "<group>"; };
		1C0D15B2237C4B64002A27B4 /* brand.xcassets */ = {isa = PBXFileReference; lastKnownFileType = folder.assetcatalog; path = brand.xcassets; sourceTree = "<group>"; };
		1C0D15B5237C4B64002A27B4 /* Base */ = {isa = PBXFileReference; lastKnownFileType = file.storyboard; name = Base; path = Base.lproj/LaunchScreen.storyboard; sourceTree = "<group>"; };
		1C0D15B7237C4B64002A27B4 /* Info.plist */ = {isa = PBXFileReference; lastKnownFileType = text.plist.xml; path = Info.plist; sourceTree = "<group>"; };
		1C0D15BC237C4B65002A27B4 /* ios_open_source_learnig_projectTests.xctest */ = {isa = PBXFileReference; explicitFileType = wrapper.cfbundle; includeInIndex = 0; path = ios_open_source_learnig_projectTests.xctest; sourceTree = BUILT_PRODUCTS_DIR; };
		1C0D15C0237C4B65002A27B4 /* ios_open_source_learnig_projectTests.swift */ = {isa = PBXFileReference; lastKnownFileType = sourcecode.swift; path = ios_open_source_learnig_projectTests.swift; sourceTree = "<group>"; };
		1C0D15C2237C4B65002A27B4 /* Info.plist */ = {isa = PBXFileReference; lastKnownFileType = text.plist.xml; path = Info.plist; sourceTree = "<group>"; };
		1C0D15C7237C4B65002A27B4 /* ios_open_source_learnig_projectUITests.xctest */ = {isa = PBXFileReference; explicitFileType = wrapper.cfbundle; includeInIndex = 0; path = ios_open_source_learnig_projectUITests.xctest; sourceTree = BUILT_PRODUCTS_DIR; };
		1C0D15CB237C4B65002A27B4 /* ios_open_source_learnig_projectUITests.swift */ = {isa = PBXFileReference; lastKnownFileType = sourcecode.swift; path = ios_open_source_learnig_projectUITests.swift; sourceTree = "<group>"; };
		1C0D15CD237C4B65002A27B4 /* Info.plist */ = {isa = PBXFileReference; lastKnownFileType = text.plist.xml; path = Info.plist; sourceTree = "<group>"; };
		1C532C402391397C00BCBFA9 /* NetworkConstant.swift */ = {isa = PBXFileReference; lastKnownFileType = sourcecode.swift; path = NetworkConstant.swift; sourceTree = "<group>"; };
		1C532C4623913C8700BCBFA9 /* AppLogger.swift */ = {isa = PBXFileReference; lastKnownFileType = sourcecode.swift; path = AppLogger.swift; sourceTree = "<group>"; };
		61607026F9203D2AFA9F88DD /* Pods-ios_open_source_learnig_project.debug.xcconfig */ = {isa = PBXFileReference; includeInIndex = 1; lastKnownFileType = text.xcconfig; name = "Pods-ios_open_source_learnig_project.debug.xcconfig"; path = "Target Support Files/Pods-ios_open_source_learnig_project/Pods-ios_open_source_learnig_project.debug.xcconfig"; sourceTree = "<group>"; };
		C5F26E0793A135E04E229E53 /* Pods-ios_open_source_learnig_project.release.xcconfig */ = {isa = PBXFileReference; includeInIndex = 1; lastKnownFileType = text.xcconfig; name = "Pods-ios_open_source_learnig_project.release.xcconfig"; path = "Target Support Files/Pods-ios_open_source_learnig_project/Pods-ios_open_source_learnig_project.release.xcconfig"; sourceTree = "<group>"; };
		C9951AA1521671CC86D14D1E /* Pods_ios_open_source_learnig_project.framework */ = {isa = PBXFileReference; explicitFileType = wrapper.framework; includeInIndex = 0; path = Pods_ios_open_source_learnig_project.framework; sourceTree = BUILT_PRODUCTS_DIR; };
/* End PBXFileReference section */

/* Begin PBXFrameworksBuildPhase section */
		1C0D15A3237C4B5F002A27B4 /* Frameworks */ = {
			isa = PBXFrameworksBuildPhase;
			buildActionMask = 2147483647;
			files = (
				B63898BBA2898F60BF6D0681 /* Pods_ios_open_source_learnig_project.framework in Frameworks */,
			);
			runOnlyForDeploymentPostprocessing = 0;
		};
		1C0D15B9237C4B65002A27B4 /* Frameworks */ = {
			isa = PBXFrameworksBuildPhase;
			buildActionMask = 2147483647;
			files = (
			);
			runOnlyForDeploymentPostprocessing = 0;
		};
		1C0D15C4237C4B65002A27B4 /* Frameworks */ = {
			isa = PBXFrameworksBuildPhase;
			buildActionMask = 2147483647;
			files = (
			);
			runOnlyForDeploymentPostprocessing = 0;
		};
/* End PBXFrameworksBuildPhase section */

/* Begin PBXGroup section */
		16161B3423A9D84E00BB04E7 /* Strings */ = {
			isa = PBXGroup;
			children = (
			);
			path = Strings;
			sourceTree = "<group>";
		};
		16161B3523A9D8C500BB04E7 /* Images */ = {
			isa = PBXGroup;
			children = (
				1C0D15B2237C4B64002A27B4 /* brand.xcassets */,
				16161B3823A9D90C00BB04E7 /* Icons.xcassets */,
			);
			path = Images;
			sourceTree = "<group>";
		};
		16161B3623A9D8D000BB04E7 /* Fonts */ = {
			isa = PBXGroup;
			children = (
			);
			path = Fonts;
			sourceTree = "<group>";
		};
		16161B3723A9D8DC00BB04E7 /* Files */ = {
			isa = PBXGroup;
			children = (
				1C0D15B4237C4B64002A27B4 /* LaunchScreen.storyboard */,
			);
			path = Files;
			sourceTree = "<group>";
		};
		16161B3A23A9D98C00BB04E7 /* Colors */ = {
			isa = PBXGroup;
			children = (
				16161B3B23A9D9C000BB04E7 /* themeColors.xcassets */,
			);
			path = Colors;
			sourceTree = "<group>";
		};
		16161B5623AA0BC500BB04E7 /* Components */ = {
			isa = PBXGroup;
			children = (
				16EED9FD23B9A22A00D0CB8A /* ReusableComponents */,
				16EED9FC23B9A20C00D0CB8A /* Base */,
			);
			path = Components;
			sourceTree = "<group>";
		};
		16161B5823AA0C3300BB04E7 /* UIKit+Extension */ = {
			isa = PBXGroup;
			children = (
				16BC18A82391051300B7FA18 /* UIView+Extension.swift */,
			);
			path = "UIKit+Extension";
			sourceTree = "<group>";
		};
		16161B5923AA0C4600BB04E7 /* Foundation+Extension */ = {
			isa = PBXGroup;
			children = (
				16BC18C92391232200B7FA18 /* String+Extensions.swift */,
			);
			path = "Foundation+Extension";
			sourceTree = "<group>";
		};
		16BC18962391018A00B7FA18 /* Class */ = {
			isa = PBXGroup;
			children = (
				16BC18A22391043900B7FA18 /* Common */,
				16BC1897239101CC00B7FA18 /* Features */,
				1C532C4423913C5F00BCBFA9 /* Utility */,
				16BC18C323911E5C00B7FA18 /* Protocols */,
				16BC18A52391049900B7FA18 /* AppConfig */,
				16BC18A42391047D00B7FA18 /* LocalLib */,
				16BC1898239101D800B7FA18 /* Extensions */,
				16BC189F239103AE00B7FA18 /* DataLayer */,
			);
			path = Class;
			sourceTree = "<group>";
		};
		16BC1897239101CC00B7FA18 /* Features */ = {
			isa = PBXGroup;
			children = (
				1C532C43239139DF00BCBFA9 /* ProjectAutomationAppForMac */,
				1C532C42239139B300BCBFA9 /* ProjectTemplateGeneratorForMac */,
				16BC18AD2391054600B7FA18 /* ExamplePage */,
			);
			path = Features;
			sourceTree = "<group>";
		};
		16BC1898239101D800B7FA18 /* Extensions */ = {
			isa = PBXGroup;
			children = (
				16161B5923AA0C4600BB04E7 /* Foundation+Extension */,
				16161B5823AA0C3300BB04E7 /* UIKit+Extension */,
			);
			path = Extensions;
			sourceTree = "<group>";
		};
		16BC189A2391021D00B7FA18 /* UISpecs */ = {
			isa = PBXGroup;
			children = (
				16BC189D2391038200B7FA18 /* UIConstant.swift */,
				16BC189B2391032C00B7FA18 /* AppTheme.swift */,
			);
			path = UISpecs;
			sourceTree = "<group>";
		};
		16BC189F239103AE00B7FA18 /* DataLayer */ = {
			isa = PBXGroup;
			children = (
				16BC18B22391058500B7FA18 /* Models */,
				16BC18A1239103FE00B7FA18 /* DataPersist */,
				16BC18A0239103F200B7FA18 /* Networking */,
			);
			path = DataLayer;
			sourceTree = "<group>";
		};
		16BC18A0239103F200B7FA18 /* Networking */ = {
			isa = PBXGroup;
			children = (
				1C532C3F2391386300BCBFA9 /* Core */,
				16BC18C62391223900B7FA18 /* APIProviders */,
			);
			path = Networking;
			sourceTree = "<group>";
		};
		16BC18A1239103FE00B7FA18 /* DataPersist */ = {
			isa = PBXGroup;
			children = (
				16BC18AE2391056A00B7FA18 /* UserDefaults.swift */,
			);
			path = DataPersist;
			sourceTree = "<group>";
		};
		16BC18A22391043900B7FA18 /* Common */ = {
			isa = PBXGroup;
			children = (
				16161B5623AA0BC500BB04E7 /* Components */,
			);
			path = Common;
			sourceTree = "<group>";
		};
		16BC18A32391046900B7FA18 /* Res */ = {
			isa = PBXGroup;
			children = (
				16161B3E23A9E63400BB04E7 /* R.generated.swift */,
				16161B3A23A9D98C00BB04E7 /* Colors */,
				16161B3723A9D8DC00BB04E7 /* Files */,
				16161B3623A9D8D000BB04E7 /* Fonts */,
				16161B3523A9D8C500BB04E7 /* Images */,
				16161B3423A9D84E00BB04E7 /* Strings */,
			);
			path = Res;
			sourceTree = "<group>";
		};
		16BC18A42391047D00B7FA18 /* LocalLib */ = {
			isa = PBXGroup;
			children = (
				16BC18A6239104FE00B7FA18 /* LocalLib.swift */,
			);
			path = LocalLib;
			sourceTree = "<group>";
		};
		16BC18A52391049900B7FA18 /* AppConfig */ = {
			isa = PBXGroup;
			children = (
				1C0D15A9237C4B5F002A27B4 /* AppDelegate.swift */,
				16BC18B52391065C00B7FA18 /* AppConstant.swift */,
				16BC18C12391196600B7FA18 /* AppConfig.swift */,
				16BC18BF2391181500B7FA18 /* AppCofigEnums.swift */,
				16BC18BB2391150E00B7FA18 /* AppError.swift */,
				16BC189A2391021D00B7FA18 /* UISpecs */,
			);
			path = AppConfig;
			sourceTree = "<group>";
		};
		16BC18AD2391054600B7FA18 /* ExamplePage */ = {
			isa = PBXGroup;
			children = (
				1C0D15AD237C4B5F002A27B4 /* ExampleViewController.swift */,
			);
			path = ExamplePage;
			sourceTree = "<group>";
		};
		16BC18B22391058500B7FA18 /* Models */ = {
			isa = PBXGroup;
			children = (
				16BC18B3239105B500B7FA18 /* ExampleModel.swift */,
			);
			path = Models;
			sourceTree = "<group>";
		};
		16BC18C323911E5C00B7FA18 /* Protocols */ = {
			isa = PBXGroup;
			children = (
				16BC18C423911E8C00B7FA18 /* MyProtocol.swift */,
			);
			path = Protocols;
			sourceTree = "<group>";
		};
		16BC18C62391223900B7FA18 /* APIProviders */ = {
			isa = PBXGroup;
			children = (
				16BC18C72391225F00B7FA18 /* ExampleAPi.swift */,
			);
			path = APIProviders;
			sourceTree = "<group>";
		};
		16EED9FC23B9A20C00D0CB8A /* Base */ = {
			isa = PBXGroup;
			children = (
				16161B4223AA060600BB04E7 /* ViewController.swift */,
				16161B4423AA063900BB04E7 /* Button.swift */,
				16161B4623AA065100BB04E7 /* View.swift */,
				16161B4823AA067700BB04E7 /* BarButtonItem.swift */,
				16161B4A23AA06A000BB04E7 /* NavigationController.swift */,
				16161B4C23AA06B400BB04E7 /* TableViewController.swift */,
				16161B4E23AA076600BB04E7 /* WebViewController.swift */,
				16161B5023AA07B200BB04E7 /* Label.swift */,
				16161B5223AA07CB00BB04E7 /* TextView.swift */,
				16161B5423AA07E700BB04E7 /* TextField.swift */,
			);
			path = Base;
			sourceTree = "<group>";
		};
		16EED9FD23B9A22A00D0CB8A /* ReusableComponents */ = {
			isa = PBXGroup;
			children = (
				16EEDA1223BA056E00D0CB8A /* VideoPlayer */,
				16EEDA1123B9D97A00D0CB8A /* MediaBrowser */,
				16EEDA0B23B9AD2400D0CB8A /* CustomAlert */,
				16EEDA0723B9AC7F00D0CB8A /* ViewStateView */,
				16EEDA0423B9ABFA00D0CB8A /* HUDView */,
				16EEDA0123B9ABAE00D0CB8A /* CountdownView */,
				16EED9FE23B9A24900D0CB8A /* AnimateLabel */,
			);
			path = ReusableComponents;
			sourceTree = "<group>";
		};
		16EED9FE23B9A24900D0CB8A /* AnimateLabel */ = {
			isa = PBXGroup;
			children = (
				16EED9FF23B9A47A00D0CB8A /* AnimateLabel.swift */,
			);
			path = AnimateLabel;
			sourceTree = "<group>";
		};
		16EEDA0123B9ABAE00D0CB8A /* CountdownView */ = {
			isa = PBXGroup;
			children = (
				16EEDA0223B9ABD000D0CB8A /* CountdownView.swift */,
			);
			path = CountdownView;
			sourceTree = "<group>";
		};
		16EEDA0423B9ABFA00D0CB8A /* HUDView */ = {
			isa = PBXGroup;
			children = (
				16EEDA0523B9AC1A00D0CB8A /* HUDView.swift */,
			);
			path = HUDView;
			sourceTree = "<group>";
		};
		16EEDA0723B9AC7F00D0CB8A /* ViewStateView */ = {
			isa = PBXGroup;
			children = (
				16EEDA0823B9ACB300D0CB8A /* ViewStateView.swift */,
			);
			path = ViewStateView;
			sourceTree = "<group>";
		};
		16EEDA0A23B9ACCB00D0CB8A /* SocialShareModalView */ = {
			isa = PBXGroup;
			children = (
				16EEDA1D23BA067100D0CB8A /* SocialShareAlert.swift */,
			);
			path = SocialShareModalView;
			sourceTree = "<group>";
		};
		16EEDA0B23B9AD2400D0CB8A /* CustomAlert */ = {
			isa = PBXGroup;
			children = (
				16EEDA1723BA05F700D0CB8A /* ModalPresentable.swift */,
				16EEDA0F23B9CFBC00D0CB8A /* AppAdAlert */,
				16EEDA0E23B9CFAD00D0CB8A /* UserPolicyAlert */,
				16EEDA0D23B9CF8900D0CB8A /* VersionUpdateAlert */,
				16EEDA0A23B9ACCB00D0CB8A /* SocialShareModalView */,
			);
			path = CustomAlert;
			sourceTree = "<group>";
		};
		16EEDA0D23B9CF8900D0CB8A /* VersionUpdateAlert */ = {
			isa = PBXGroup;
			children = (
				16EEDA1B23BA064700D0CB8A /* VersionUpdateAlert.swift */,
			);
			path = VersionUpdateAlert;
			sourceTree = "<group>";
		};
		16EEDA0E23B9CFAD00D0CB8A /* UserPolicyAlert */ = {
			isa = PBXGroup;
			children = (
				16EEDA1923BA063200D0CB8A /* UserPolicyAlert.swift */,
			);
			path = UserPolicyAlert;
			sourceTree = "<group>";
		};
		16EEDA0F23B9CFBC00D0CB8A /* AppAdAlert */ = {
			isa = PBXGroup;
			children = (
			);
			path = AppAdAlert;
			sourceTree = "<group>";
		};
		16EEDA1123B9D97A00D0CB8A /* MediaBrowser */ = {
			isa = PBXGroup;
			children = (
				16EEDA1523BA05B100D0CB8A /* MediaBrowser.swift */,
			);
			path = MediaBrowser;
			sourceTree = "<group>";
		};
		16EEDA1223BA056E00D0CB8A /* VideoPlayer */ = {
			isa = PBXGroup;
			children = (
				16EEDA1323BA059300D0CB8A /* VideoPlayer.swift */,
			);
			path = VideoPlayer;
			sourceTree = "<group>";
		};
		1C0D159D237C4B5F002A27B4 = {
			isa = PBXGroup;
			children = (
				1C0D15A8237C4B5F002A27B4 /* ios_open_source_learnig_project */,
				1C0D15BF237C4B65002A27B4 /* ios_open_source_learnig_projectTests */,
				1C0D15CA237C4B65002A27B4 /* ios_open_source_learnig_projectUITests */,
				1C0D15A7237C4B5F002A27B4 /* Products */,
				A0EB934B8632F93ABD4224C8 /* Pods */,
				88DA39A6C512700EF1E66A9A /* Frameworks */,
			);
			sourceTree = "<group>";
		};
		1C0D15A7237C4B5F002A27B4 /* Products */ = {
			isa = PBXGroup;
			children = (
				1C0D15A6237C4B5F002A27B4 /* ios_open_source_learnig_project.app */,
				1C0D15BC237C4B65002A27B4 /* ios_open_source_learnig_projectTests.xctest */,
				1C0D15C7237C4B65002A27B4 /* ios_open_source_learnig_projectUITests.xctest */,
			);
			name = Products;
			sourceTree = "<group>";
		};
		1C0D15A8237C4B5F002A27B4 /* ios_open_source_learnig_project */ = {
			isa = PBXGroup;
			children = (
				1C0D15B7237C4B64002A27B4 /* Info.plist */,
				16BC18962391018A00B7FA18 /* Class */,
				16BC18A32391046900B7FA18 /* Res */,
			);
			path = ios_open_source_learnig_project;
			sourceTree = "<group>";
		};
		1C0D15BF237C4B65002A27B4 /* ios_open_source_learnig_projectTests */ = {
			isa = PBXGroup;
			children = (
				1C0D15C0237C4B65002A27B4 /* ios_open_source_learnig_projectTests.swift */,
				1C0D15C2237C4B65002A27B4 /* Info.plist */,
			);
			path = ios_open_source_learnig_projectTests;
			sourceTree = "<group>";
		};
		1C0D15CA237C4B65002A27B4 /* ios_open_source_learnig_projectUITests */ = {
			isa = PBXGroup;
			children = (
				1C0D15CB237C4B65002A27B4 /* ios_open_source_learnig_projectUITests.swift */,
				1C0D15CD237C4B65002A27B4 /* Info.plist */,
			);
			path = ios_open_source_learnig_projectUITests;
			sourceTree = "<group>";
		};
		1C532C3F2391386300BCBFA9 /* Core */ = {
			isa = PBXGroup;
			children = (
				16BC18B02391057F00B7FA18 /* Networking.swift */,
				1C532C402391397C00BCBFA9 /* NetworkConstant.swift */,
			);
			path = Core;
			sourceTree = "<group>";
		};
		1C532C42239139B300BCBFA9 /* ProjectTemplateGeneratorForMac */ = {
			isa = PBXGroup;
			children = (
			);
			path = ProjectTemplateGeneratorForMac;
			sourceTree = "<group>";
		};
		1C532C43239139DF00BCBFA9 /* ProjectAutomationAppForMac */ = {
			isa = PBXGroup;
			children = (
			);
			path = ProjectAutomationAppForMac;
			sourceTree = "<group>";
		};
		1C532C4423913C5F00BCBFA9 /* Utility */ = {
			isa = PBXGroup;
			children = (
				1C532C4523913C7500BCBFA9 /* Logger */,
			);
			path = Utility;
			sourceTree = "<group>";
		};
		1C532C4523913C7500BCBFA9 /* Logger */ = {
			isa = PBXGroup;
			children = (
				1C532C4623913C8700BCBFA9 /* AppLogger.swift */,
			);
			path = Logger;
			sourceTree = "<group>";
		};
		88DA39A6C512700EF1E66A9A /* Frameworks */ = {
			isa = PBXGroup;
			children = (
				C9951AA1521671CC86D14D1E /* Pods_ios_open_source_learnig_project.framework */,
			);
			name = Frameworks;
			sourceTree = "<group>";
		};
		A0EB934B8632F93ABD4224C8 /* Pods */ = {
			isa = PBXGroup;
			children = (
				61607026F9203D2AFA9F88DD /* Pods-ios_open_source_learnig_project.debug.xcconfig */,
				C5F26E0793A135E04E229E53 /* Pods-ios_open_source_learnig_project.release.xcconfig */,
			);
			path = Pods;
			sourceTree = "<group>";
		};
/* End PBXGroup section */

/* Begin PBXNativeTarget section */
		1C0D15A5237C4B5F002A27B4 /* ios_open_source_learnig_project */ = {
			isa = PBXNativeTarget;
			buildConfigurationList = 1C0D15D0237C4B65002A27B4 /* Build configuration list for PBXNativeTarget "ios_open_source_learnig_project" */;
			buildPhases = (
				64FA3432D95D7BA21CC44FCB /* [CP] Check Pods Manifest.lock */,
				16161B3D23A9E53200BB04E7 /* ShellScript */,
				1C0D15A2237C4B5F002A27B4 /* Sources */,
				1C0D15A3237C4B5F002A27B4 /* Frameworks */,
				1C0D15A4237C4B5F002A27B4 /* Resources */,
				D33A28293E35AB3DD43030D9 /* [CP] Embed Pods Frameworks */,
				52A1A64588CF5D7B4CF3F309 /* [CP] Copy Pods Resources */,
			);
			buildRules = (
			);
			dependencies = (
			);
			name = ios_open_source_learnig_project;
			productName = ios_open_source_learnig_project;
			productReference = 1C0D15A6237C4B5F002A27B4 /* ios_open_source_learnig_project.app */;
			productType = "com.apple.product-type.application";
		};
		1C0D15BB237C4B65002A27B4 /* ios_open_source_learnig_projectTests */ = {
			isa = PBXNativeTarget;
			buildConfigurationList = 1C0D15D3237C4B65002A27B4 /* Build configuration list for PBXNativeTarget "ios_open_source_learnig_projectTests" */;
			buildPhases = (
				1C0D15B8237C4B65002A27B4 /* Sources */,
				1C0D15B9237C4B65002A27B4 /* Frameworks */,
				1C0D15BA237C4B65002A27B4 /* Resources */,
			);
			buildRules = (
			);
			dependencies = (
				1C0D15BE237C4B65002A27B4 /* PBXTargetDependency */,
			);
			name = ios_open_source_learnig_projectTests;
			productName = ios_open_source_learnig_projectTests;
			productReference = 1C0D15BC237C4B65002A27B4 /* ios_open_source_learnig_projectTests.xctest */;
			productType = "com.apple.product-type.bundle.unit-test";
		};
		1C0D15C6237C4B65002A27B4 /* ios_open_source_learnig_projectUITests */ = {
			isa = PBXNativeTarget;
			buildConfigurationList = 1C0D15D6237C4B65002A27B4 /* Build configuration list for PBXNativeTarget "ios_open_source_learnig_projectUITests" */;
			buildPhases = (
				1C0D15C3237C4B65002A27B4 /* Sources */,
				1C0D15C4237C4B65002A27B4 /* Frameworks */,
				1C0D15C5237C4B65002A27B4 /* Resources */,
			);
			buildRules = (
			);
			dependencies = (
				1C0D15C9237C4B65002A27B4 /* PBXTargetDependency */,
			);
			name = ios_open_source_learnig_projectUITests;
			productName = ios_open_source_learnig_projectUITests;
			productReference = 1C0D15C7237C4B65002A27B4 /* ios_open_source_learnig_projectUITests.xctest */;
			productType = "com.apple.product-type.bundle.ui-testing";
		};
/* End PBXNativeTarget section */

/* Begin PBXProject section */
		1C0D159E237C4B5F002A27B4 /* Project object */ = {
			isa = PBXProject;
			attributes = {
				LastSwiftUpdateCheck = 1110;
				LastUpgradeCheck = 1110;
				ORGANIZATIONNAME = "Justus Woolworth";
				TargetAttributes = {
					1C0D15A5237C4B5F002A27B4 = {
						CreatedOnToolsVersion = 11.1;
					};
					1C0D15BB237C4B65002A27B4 = {
						CreatedOnToolsVersion = 11.1;
						TestTargetID = 1C0D15A5237C4B5F002A27B4;
					};
					1C0D15C6237C4B65002A27B4 = {
						CreatedOnToolsVersion = 11.1;
						TestTargetID = 1C0D15A5237C4B5F002A27B4;
					};
				};
			};
			buildConfigurationList = 1C0D15A1237C4B5F002A27B4 /* Build configuration list for PBXProject "ios_open_source_learnig_project" */;
			compatibilityVersion = "Xcode 9.3";
			developmentRegion = en;
			hasScannedForEncodings = 0;
			knownRegions = (
				en,
				Base,
			);
			mainGroup = 1C0D159D237C4B5F002A27B4;
			productRefGroup = 1C0D15A7237C4B5F002A27B4 /* Products */;
			projectDirPath = "";
			projectRoot = "";
			targets = (
				1C0D15A5237C4B5F002A27B4 /* ios_open_source_learnig_project */,
				1C0D15BB237C4B65002A27B4 /* ios_open_source_learnig_projectTests */,
				1C0D15C6237C4B65002A27B4 /* ios_open_source_learnig_projectUITests */,
			);
		};
/* End PBXProject section */

/* Begin PBXResourcesBuildPhase section */
		1C0D15A4237C4B5F002A27B4 /* Resources */ = {
			isa = PBXResourcesBuildPhase;
			buildActionMask = 2147483647;
			files = (
				1C0D15B6237C4B64002A27B4 /* LaunchScreen.storyboard in Resources */,
				1C0D15B3237C4B64002A27B4 /* brand.xcassets in Resources */,
				16161B3C23A9D9C000BB04E7 /* themeColors.xcassets in Resources */,
				16161B3923A9D90C00BB04E7 /* Icons.xcassets in Resources */,
			);
			runOnlyForDeploymentPostprocessing = 0;
		};
		1C0D15BA237C4B65002A27B4 /* Resources */ = {
			isa = PBXResourcesBuildPhase;
			buildActionMask = 2147483647;
			files = (
			);
			runOnlyForDeploymentPostprocessing = 0;
		};
		1C0D15C5237C4B65002A27B4 /* Resources */ = {
			isa = PBXResourcesBuildPhase;
			buildActionMask = 2147483647;
			files = (
			);
			runOnlyForDeploymentPostprocessing = 0;
		};
/* End PBXResourcesBuildPhase section */

/* Begin PBXShellScriptBuildPhase section */
		16161B3D23A9E53200BB04E7 /* ShellScript */ = {
			isa = PBXShellScriptBuildPhase;
			buildActionMask = 2147483647;
			files = (
			);
			inputFileListPaths = (
			);
			inputPaths = (
				"$TEMP_DIR/rswift-lastrun",
			);
			outputFileListPaths = (
			);
			outputPaths = (
				$SRCROOT/R.generated.swift,
			);
			runOnlyForDeploymentPostprocessing = 0;
			shellPath = /bin/sh;
			shellScript = "# Type a script or drag a script file from your workspace to insert its path.\n\"$PODS_ROOT/R.swift/rswift\" generate \"$SRCROOT/R.generated.swift\"\n";
		};
		52A1A64588CF5D7B4CF3F309 /* [CP] Copy Pods Resources */ = {
			isa = PBXShellScriptBuildPhase;
			buildActionMask = 2147483647;
			files = (
			);
			inputFileListPaths = (
				"${PODS_ROOT}/Target Support Files/Pods-ios_open_source_learnig_project/Pods-ios_open_source_learnig_project-resources-${CONFIGURATION}-input-files.xcfilelist",
			);
			name = "[CP] Copy Pods Resources";
			outputFileListPaths = (
				"${PODS_ROOT}/Target Support Files/Pods-ios_open_source_learnig_project/Pods-ios_open_source_learnig_project-resources-${CONFIGURATION}-output-files.xcfilelist",
			);
			runOnlyForDeploymentPostprocessing = 0;
			shellPath = /bin/sh;
			shellScript = "\"${PODS_ROOT}/Target Support Files/Pods-ios_open_source_learnig_project/Pods-ios_open_source_learnig_project-resources.sh\"\n";
			showEnvVarsInLog = 0;
		};
		64FA3432D95D7BA21CC44FCB /* [CP] Check Pods Manifest.lock */ = {
			isa = PBXShellScriptBuildPhase;
			buildActionMask = 2147483647;
			files = (
			);
			inputFileListPaths = (
			);
			inputPaths = (
				"${PODS_PODFILE_DIR_PATH}/Podfile.lock",
				"${PODS_ROOT}/Manifest.lock",
			);
			name = "[CP] Check Pods Manifest.lock";
			outputFileListPaths = (
			);
			outputPaths = (
				"$(DERIVED_FILE_DIR)/Pods-ios_open_source_learnig_project-checkManifestLockResult.txt",
			);
			runOnlyForDeploymentPostprocessing = 0;
			shellPath = /bin/sh;
			shellScript = "diff \"${PODS_PODFILE_DIR_PATH}/Podfile.lock\" \"${PODS_ROOT}/Manifest.lock\" > /dev/null\nif [ $? != 0 ] ; then\n    # print error to STDERR\n    echo \"error: The sandbox is not in sync with the Podfile.lock. Run 'pod install' or update your CocoaPods installation.\" >&2\n    exit 1\nfi\n# This output is used by Xcode 'outputs' to avoid re-running this script phase.\necho \"SUCCESS\" > \"${SCRIPT_OUTPUT_FILE_0}\"\n";
			showEnvVarsInLog = 0;
		};
		D33A28293E35AB3DD43030D9 /* [CP] Embed Pods Frameworks */ = {
			isa = PBXShellScriptBuildPhase;
			buildActionMask = 2147483647;
			files = (
			);
			inputFileListPaths = (
				"${PODS_ROOT}/Target Support Files/Pods-ios_open_source_learnig_project/Pods-ios_open_source_learnig_project-frameworks-${CONFIGURATION}-input-files.xcfilelist",
			);
			name = "[CP] Embed Pods Frameworks";
			outputFileListPaths = (
				"${PODS_ROOT}/Target Support Files/Pods-ios_open_source_learnig_project/Pods-ios_open_source_learnig_project-frameworks-${CONFIGURATION}-output-files.xcfilelist",
			);
			runOnlyForDeploymentPostprocessing = 0;
			shellPath = /bin/sh;
			shellScript = "\"${PODS_ROOT}/Target Support Files/Pods-ios_open_source_learnig_project/Pods-ios_open_source_learnig_project-frameworks.sh\"\n";
			showEnvVarsInLog = 0;
		};
/* End PBXShellScriptBuildPhase section */

/* Begin PBXSourcesBuildPhase section */
		1C0D15A2237C4B5F002A27B4 /* Sources */ = {
			isa = PBXSourcesBuildPhase;
			buildActionMask = 2147483647;
			files = (
				16BC18B62391065C00B7FA18 /* AppConstant.swift in Sources */,
				16BC18C02391181500B7FA18 /* AppCofigEnums.swift in Sources */,
				16BC18A92391051300B7FA18 /* UIView+Extension.swift in Sources */,
				16BC18CA2391232200B7FA18 /* String+Extensions.swift in Sources */,
				16EEDA0623B9AC1A00D0CB8A /* HUDView.swift in Sources */,
				16EEDA0323B9ABD000D0CB8A /* CountdownView.swift in Sources */,
				16EEDA1A23BA063200D0CB8A /* UserPolicyAlert.swift in Sources */,
				16EEDA1623BA05B100D0CB8A /* MediaBrowser.swift in Sources */,
				16BC18A7239104FE00B7FA18 /* LocalLib.swift in Sources */,
				16161B4323AA060600BB04E7 /* ViewController.swift in Sources */,
				16161B5123AA07B200BB04E7 /* Label.swift in Sources */,
				16BC18B12391057F00B7FA18 /* Networking.swift in Sources */,
				16EEDA1823BA05F700D0CB8A /* ModalPresentable.swift in Sources */,
				16BC18C22391196600B7FA18 /* AppConfig.swift in Sources */,
				16161B5323AA07CB00BB04E7 /* TextView.swift in Sources */,
				16161B3F23A9E63400BB04E7 /* R.generated.swift in Sources */,
				1C0D15AE237C4B5F002A27B4 /* ExampleViewController.swift in Sources */,
				16BC18AF2391056A00B7FA18 /* UserDefaults.swift in Sources */,
				16161B4B23AA06A000BB04E7 /* NavigationController.swift in Sources */,
				16BC18B4239105B500B7FA18 /* ExampleModel.swift in Sources */,
				16161B4D23AA06B400BB04E7 /* TableViewController.swift in Sources */,
				1C532C412391397C00BCBFA9 /* NetworkConstant.swift in Sources */,
				16161B5523AA07E700BB04E7 /* TextField.swift in Sources */,
				16EEDA1423BA059300D0CB8A /* VideoPlayer.swift in Sources */,
				16BC18C82391225F00B7FA18 /* ExampleAPi.swift in Sources */,
				16BC18C523911E8C00B7FA18 /* MyProtocol.swift in Sources */,
				1C0D15AA237C4B5F002A27B4 /* AppDelegate.swift in Sources */,
				16161B4F23AA076600BB04E7 /* WebViewController.swift in Sources */,
				16EEDA0023B9A47A00D0CB8A /* AnimateLabel.swift in Sources */,
				16BC189C2391032C00B7FA18 /* AppTheme.swift in Sources */,
				16EEDA1E23BA067100D0CB8A /* SocialShareAlert.swift in Sources */,
				16161B4523AA063900BB04E7 /* Button.swift in Sources */,
				16161B4923AA067700BB04E7 /* BarButtonItem.swift in Sources */,
				16EEDA1C23BA064700D0CB8A /* VersionUpdateAlert.swift in Sources */,
				16BC18BC2391150E00B7FA18 /* AppError.swift in Sources */,
				16161B4723AA065100BB04E7 /* View.swift in Sources */,
				16EEDA0923B9ACB300D0CB8A /* ViewStateView.swift in Sources */,
				16BC189E2391038200B7FA18 /* UIConstant.swift in Sources */,
				1C532C4723913C8700BCBFA9 /* AppLogger.swift in Sources */,
			);
			runOnlyForDeploymentPostprocessing = 0;
		};
		1C0D15B8237C4B65002A27B4 /* Sources */ = {
			isa = PBXSourcesBuildPhase;
			buildActionMask = 2147483647;
			files = (
				1C0D15C1237C4B65002A27B4 /* ios_open_source_learnig_projectTests.swift in Sources */,
			);
			runOnlyForDeploymentPostprocessing = 0;
		};
		1C0D15C3237C4B65002A27B4 /* Sources */ = {
			isa = PBXSourcesBuildPhase;
			buildActionMask = 2147483647;
			files = (
				1C0D15CC237C4B65002A27B4 /* ios_open_source_learnig_projectUITests.swift in Sources */,
			);
			runOnlyForDeploymentPostprocessing = 0;
		};
/* End PBXSourcesBuildPhase section */

/* Begin PBXTargetDependency section */
		1C0D15BE237C4B65002A27B4 /* PBXTargetDependency */ = {
			isa = PBXTargetDependency;
			target = 1C0D15A5237C4B5F002A27B4 /* ios_open_source_learnig_project */;
			targetProxy = 1C0D15BD237C4B65002A27B4 /* PBXContainerItemProxy */;
		};
		1C0D15C9237C4B65002A27B4 /* PBXTargetDependency */ = {
			isa = PBXTargetDependency;
			target = 1C0D15A5237C4B5F002A27B4 /* ios_open_source_learnig_project */;
			targetProxy = 1C0D15C8237C4B65002A27B4 /* PBXContainerItemProxy */;
		};
/* End PBXTargetDependency section */

/* Begin PBXVariantGroup section */
		1C0D15B4237C4B64002A27B4 /* LaunchScreen.storyboard */ = {
			isa = PBXVariantGroup;
			children = (
				1C0D15B5237C4B64002A27B4 /* Base */,
			);
			name = LaunchScreen.storyboard;
			sourceTree = "<group>";
		};
/* End PBXVariantGroup section */

/* Begin XCBuildConfiguration section */
		1C0D15CE237C4B65002A27B4 /* Debug */ = {
			isa = XCBuildConfiguration;
			buildSettings = {
				ALWAYS_SEARCH_USER_PATHS = NO;
				CLANG_ANALYZER_NONNULL = YES;
				CLANG_ANALYZER_NUMBER_OBJECT_CONVERSION = YES_AGGRESSIVE;
				CLANG_CXX_LANGUAGE_STANDARD = "gnu++14";
				CLANG_CXX_LIBRARY = "libc++";
				CLANG_ENABLE_MODULES = YES;
				CLANG_ENABLE_OBJC_ARC = YES;
				CLANG_ENABLE_OBJC_WEAK = YES;
				CLANG_WARN_BLOCK_CAPTURE_AUTORELEASING = YES;
				CLANG_WARN_BOOL_CONVERSION = YES;
				CLANG_WARN_COMMA = YES;
				CLANG_WARN_CONSTANT_CONVERSION = YES;
				CLANG_WARN_DEPRECATED_OBJC_IMPLEMENTATIONS = YES;
				CLANG_WARN_DIRECT_OBJC_ISA_USAGE = YES_ERROR;
				CLANG_WARN_DOCUMENTATION_COMMENTS = YES;
				CLANG_WARN_EMPTY_BODY = YES;
				CLANG_WARN_ENUM_CONVERSION = YES;
				CLANG_WARN_INFINITE_RECURSION = YES;
				CLANG_WARN_INT_CONVERSION = YES;
				CLANG_WARN_NON_LITERAL_NULL_CONVERSION = YES;
				CLANG_WARN_OBJC_IMPLICIT_RETAIN_SELF = YES;
				CLANG_WARN_OBJC_LITERAL_CONVERSION = YES;
				CLANG_WARN_OBJC_ROOT_CLASS = YES_ERROR;
				CLANG_WARN_RANGE_LOOP_ANALYSIS = YES;
				CLANG_WARN_STRICT_PROTOTYPES = YES;
				CLANG_WARN_SUSPICIOUS_MOVE = YES;
				CLANG_WARN_UNGUARDED_AVAILABILITY = YES_AGGRESSIVE;
				CLANG_WARN_UNREACHABLE_CODE = YES;
				CLANG_WARN__DUPLICATE_METHOD_MATCH = YES;
				COPY_PHASE_STRIP = NO;
				DEBUG_INFORMATION_FORMAT = dwarf;
				ENABLE_STRICT_OBJC_MSGSEND = YES;
				ENABLE_TESTABILITY = YES;
				GCC_C_LANGUAGE_STANDARD = gnu11;
				GCC_DYNAMIC_NO_PIC = NO;
				GCC_NO_COMMON_BLOCKS = YES;
				GCC_OPTIMIZATION_LEVEL = 0;
				GCC_PREPROCESSOR_DEFINITIONS = (
					"DEBUG=1",
					"$(inherited)",
				);
				GCC_WARN_64_TO_32_BIT_CONVERSION = YES;
				GCC_WARN_ABOUT_RETURN_TYPE = YES_ERROR;
				GCC_WARN_UNDECLARED_SELECTOR = YES;
				GCC_WARN_UNINITIALIZED_AUTOS = YES_AGGRESSIVE;
				GCC_WARN_UNUSED_FUNCTION = YES;
				GCC_WARN_UNUSED_VARIABLE = YES;
				IPHONEOS_DEPLOYMENT_TARGET = 11.0;
				MTL_ENABLE_DEBUG_INFO = INCLUDE_SOURCE;
				MTL_FAST_MATH = YES;
				ONLY_ACTIVE_ARCH = YES;
				SDKROOT = iphoneos;
				SWIFT_ACTIVE_COMPILATION_CONDITIONS = DEBUG;
				SWIFT_OPTIMIZATION_LEVEL = "-Onone";
			};
			name = Debug;
		};
		1C0D15CF237C4B65002A27B4 /* Release */ = {
			isa = XCBuildConfiguration;
			buildSettings = {
				ALWAYS_SEARCH_USER_PATHS = NO;
				CLANG_ANALYZER_NONNULL = YES;
				CLANG_ANALYZER_NUMBER_OBJECT_CONVERSION = YES_AGGRESSIVE;
				CLANG_CXX_LANGUAGE_STANDARD = "gnu++14";
				CLANG_CXX_LIBRARY = "libc++";
				CLANG_ENABLE_MODULES = YES;
				CLANG_ENABLE_OBJC_ARC = YES;
				CLANG_ENABLE_OBJC_WEAK = YES;
				CLANG_WARN_BLOCK_CAPTURE_AUTORELEASING = YES;
				CLANG_WARN_BOOL_CONVERSION = YES;
				CLANG_WARN_COMMA = YES;
				CLANG_WARN_CONSTANT_CONVERSION = YES;
				CLANG_WARN_DEPRECATED_OBJC_IMPLEMENTATIONS = YES;
				CLANG_WARN_DIRECT_OBJC_ISA_USAGE = YES_ERROR;
				CLANG_WARN_DOCUMENTATION_COMMENTS = YES;
				CLANG_WARN_EMPTY_BODY = YES;
				CLANG_WARN_ENUM_CONVERSION = YES;
				CLANG_WARN_INFINITE_RECURSION = YES;
				CLANG_WARN_INT_CONVERSION = YES;
				CLANG_WARN_NON_LITERAL_NULL_CONVERSION = YES;
				CLANG_WARN_OBJC_IMPLICIT_RETAIN_SELF = YES;
				CLANG_WARN_OBJC_LITERAL_CONVERSION = YES;
				CLANG_WARN_OBJC_ROOT_CLASS = YES_ERROR;
				CLANG_WARN_RANGE_LOOP_ANALYSIS = YES;
				CLANG_WARN_STRICT_PROTOTYPES = YES;
				CLANG_WARN_SUSPICIOUS_MOVE = YES;
				CLANG_WARN_UNGUARDED_AVAILABILITY = YES_AGGRESSIVE;
				CLANG_WARN_UNREACHABLE_CODE = YES;
				CLANG_WARN__DUPLICATE_METHOD_MATCH = YES;
				COPY_PHASE_STRIP = NO;
				DEBUG_INFORMATION_FORMAT = "dwarf-with-dsym";
				ENABLE_NS_ASSERTIONS = NO;
				ENABLE_STRICT_OBJC_MSGSEND = YES;
				GCC_C_LANGUAGE_STANDARD = gnu11;
				GCC_NO_COMMON_BLOCKS = YES;
				GCC_WARN_64_TO_32_BIT_CONVERSION = YES;
				GCC_WARN_ABOUT_RETURN_TYPE = YES_ERROR;
				GCC_WARN_UNDECLARED_SELECTOR = YES;
				GCC_WARN_UNINITIALIZED_AUTOS = YES_AGGRESSIVE;
				GCC_WARN_UNUSED_FUNCTION = YES;
				GCC_WARN_UNUSED_VARIABLE = YES;
				IPHONEOS_DEPLOYMENT_TARGET = 11.0;
				MTL_ENABLE_DEBUG_INFO = NO;
				MTL_FAST_MATH = YES;
				SDKROOT = iphoneos;
				SWIFT_COMPILATION_MODE = wholemodule;
				SWIFT_OPTIMIZATION_LEVEL = "-O";
				VALIDATE_PRODUCT = YES;
			};
			name = Release;
		};
		1C0D15D1237C4B65002A27B4 /* Debug */ = {
			isa = XCBuildConfiguration;
			baseConfigurationReference = 61607026F9203D2AFA9F88DD /* Pods-ios_open_source_learnig_project.debug.xcconfig */;
			buildSettings = {
				ASSETCATALOG_COMPILER_APPICON_NAME = AppIcon;
				CODE_SIGN_STYLE = Automatic;
				DEVELOPMENT_TEAM = D4PAX5T8P2;
				INFOPLIST_FILE = ios_open_source_learnig_project/Info.plist;
				IPHONEOS_DEPLOYMENT_TARGET = 11.0;
				LD_RUNPATH_SEARCH_PATHS = (
					"$(inherited)",
					"@executable_path/Frameworks",
				);
				PRODUCT_BUNDLE_IDENTIFIER = "com.monstertech.ios-open-source-learnig-project";
				PRODUCT_NAME = "$(TARGET_NAME)";
				SWIFT_VERSION = 5.0;
				TARGETED_DEVICE_FAMILY = "1,2";
			};
			name = Debug;
		};
		1C0D15D2237C4B65002A27B4 /* Release */ = {
			isa = XCBuildConfiguration;
			baseConfigurationReference = C5F26E0793A135E04E229E53 /* Pods-ios_open_source_learnig_project.release.xcconfig */;
			buildSettings = {
				ASSETCATALOG_COMPILER_APPICON_NAME = AppIcon;
				CODE_SIGN_STYLE = Automatic;
				DEVELOPMENT_TEAM = D4PAX5T8P2;
				INFOPLIST_FILE = ios_open_source_learnig_project/Info.plist;
				IPHONEOS_DEPLOYMENT_TARGET = 11.0;
				LD_RUNPATH_SEARCH_PATHS = (
					"$(inherited)",
					"@executable_path/Frameworks",
				);
				PRODUCT_BUNDLE_IDENTIFIER = "com.monstertech.ios-open-source-learnig-project";
				PRODUCT_NAME = "$(TARGET_NAME)";
				SWIFT_VERSION = 5.0;
				TARGETED_DEVICE_FAMILY = "1,2";
			};
			name = Release;
		};
		1C0D15D4237C4B65002A27B4 /* Debug */ = {
			isa = XCBuildConfiguration;
			buildSettings = {
				ALWAYS_EMBED_SWIFT_STANDARD_LIBRARIES = YES;
				BUNDLE_LOADER = "$(TEST_HOST)";
				CODE_SIGN_STYLE = Automatic;
				INFOPLIST_FILE = ios_open_source_learnig_projectTests/Info.plist;
				IPHONEOS_DEPLOYMENT_TARGET = 13.1;
				LD_RUNPATH_SEARCH_PATHS = (
					"$(inherited)",
					"@executable_path/Frameworks",
					"@loader_path/Frameworks",
				);
				PRODUCT_BUNDLE_IDENTIFIER = "com.monstertech.ios-open-source-learnig-projectTests";
				PRODUCT_NAME = "$(TARGET_NAME)";
				SWIFT_VERSION = 5.0;
				TARGETED_DEVICE_FAMILY = "1,2";
				TEST_HOST = "$(BUILT_PRODUCTS_DIR)/ios_open_source_learnig_project.app/ios_open_source_learnig_project";
			};
			name = Debug;
		};
		1C0D15D5237C4B65002A27B4 /* Release */ = {
			isa = XCBuildConfiguration;
			buildSettings = {
				ALWAYS_EMBED_SWIFT_STANDARD_LIBRARIES = YES;
				BUNDLE_LOADER = "$(TEST_HOST)";
				CODE_SIGN_STYLE = Automatic;
				INFOPLIST_FILE = ios_open_source_learnig_projectTests/Info.plist;
				IPHONEOS_DEPLOYMENT_TARGET = 13.1;
				LD_RUNPATH_SEARCH_PATHS = (
					"$(inherited)",
					"@executable_path/Frameworks",
					"@loader_path/Frameworks",
				);
				PRODUCT_BUNDLE_IDENTIFIER = "com.monstertech.ios-open-source-learnig-projectTests";
				PRODUCT_NAME = "$(TARGET_NAME)";
				SWIFT_VERSION = 5.0;
				TARGETED_DEVICE_FAMILY = "1,2";
				TEST_HOST = "$(BUILT_PRODUCTS_DIR)/ios_open_source_learnig_project.app/ios_open_source_learnig_project";
			};
			name = Release;
		};
		1C0D15D7237C4B65002A27B4 /* Debug */ = {
			isa = XCBuildConfiguration;
			buildSettings = {
				ALWAYS_EMBED_SWIFT_STANDARD_LIBRARIES = YES;
				CODE_SIGN_STYLE = Automatic;
				INFOPLIST_FILE = ios_open_source_learnig_projectUITests/Info.plist;
				LD_RUNPATH_SEARCH_PATHS = (
					"$(inherited)",
					"@executable_path/Frameworks",
					"@loader_path/Frameworks",
				);
				PRODUCT_BUNDLE_IDENTIFIER = "com.monstertech.ios-open-source-learnig-projectUITests";
				PRODUCT_NAME = "$(TARGET_NAME)";
				SWIFT_VERSION = 5.0;
				TARGETED_DEVICE_FAMILY = "1,2";
				TEST_TARGET_NAME = ios_open_source_learnig_project;
			};
			name = Debug;
		};
		1C0D15D8237C4B65002A27B4 /* Release */ = {
			isa = XCBuildConfiguration;
			buildSettings = {
				ALWAYS_EMBED_SWIFT_STANDARD_LIBRARIES = YES;
				CODE_SIGN_STYLE = Automatic;
				INFOPLIST_FILE = ios_open_source_learnig_projectUITests/Info.plist;
				LD_RUNPATH_SEARCH_PATHS = (
					"$(inherited)",
					"@executable_path/Frameworks",
					"@loader_path/Frameworks",
				);
				PRODUCT_BUNDLE_IDENTIFIER = "com.monstertech.ios-open-source-learnig-projectUITests";
				PRODUCT_NAME = "$(TARGET_NAME)";
				SWIFT_VERSION = 5.0;
				TARGETED_DEVICE_FAMILY = "1,2";
				TEST_TARGET_NAME = ios_open_source_learnig_project;
			};
			name = Release;
		};
/* End XCBuildConfiguration section */

/* Begin XCConfigurationList section */
		1C0D15A1237C4B5F002A27B4 /* Build configuration list for PBXProject "ios_open_source_learnig_project" */ = {
			isa = XCConfigurationList;
			buildConfigurations = (
				1C0D15CE237C4B65002A27B4 /* Debug */,
				1C0D15CF237C4B65002A27B4 /* Release */,
			);
			defaultConfigurationIsVisible = 0;
			defaultConfigurationName = Release;
		};
		1C0D15D0237C4B65002A27B4 /* Build configuration list for PBXNativeTarget "ios_open_source_learnig_project" */ = {
			isa = XCConfigurationList;
			buildConfigurations = (
				1C0D15D1237C4B65002A27B4 /* Debug */,
				1C0D15D2237C4B65002A27B4 /* Release */,
			);
			defaultConfigurationIsVisible = 0;
			defaultConfigurationName = Release;
		};
		1C0D15D3237C4B65002A27B4 /* Build configuration list for PBXNativeTarget "ios_open_source_learnig_projectTests" */ = {
			isa = XCConfigurationList;
			buildConfigurations = (
				1C0D15D4237C4B65002A27B4 /* Debug */,
				1C0D15D5237C4B65002A27B4 /* Release */,
			);
			defaultConfigurationIsVisible = 0;
			defaultConfigurationName = Release;
		};
		1C0D15D6237C4B65002A27B4 /* Build configuration list for PBXNativeTarget "ios_open_source_learnig_projectUITests" */ = {
			isa = XCConfigurationList;
			buildConfigurations = (
				1C0D15D7237C4B65002A27B4 /* Debug */,
				1C0D15D8237C4B65002A27B4 /* Release */,
			);
			defaultConfigurationIsVisible = 0;
			defaultConfigurationName = Release;
		};
/* End XCConfigurationList section */
	};
	rootObject = 1C0D159E237C4B5F002A27B4 /* Project object */;
}
